
Microsoft Visual Studio Solution File, Format Version 12.00
# Visual Studio 14
VisualStudioVersion = 14.0.25420.1
MinimumVisualStudioVersion = 10.0.40219.1
Project("{FAE04EC0-301F-11D3-BF4B-00C04F79EFBC}") = "Wfp.Sandbox", "Wfp.Sandbox\Wfp.Sandbox.csproj", "{B578913F-95BD-4640-BC24-2A5BAA92B0F9}"
EndProject
Project("{FAE04EC0-301F-11D3-BF4B-00C04F79EFBC}") = "RamQuest.Workspace", "RamQuest.Workspace\RamQuest.Workspace.csproj", "{99C9E82C-C594-446D-AA59-8FFBC43AD226}"
EndProject
Project("{FAE04EC0-301F-11D3-BF4B-00C04F79EFBC}") = "RamQuest.Workspace.Infrastructure", "RamQuest.Workspace.Infrastructure\RamQuest.Workspace.Infrastructure.csproj", "{84F6EC0D-3473-4F24-A13E-B167E0D58FD1}"
EndProject
Project("{FAE04EC0-301F-11D3-BF4B-00C04F79EFBC}") = "RamQuest.Workspace.Modules.ShippingServices", "RamQuest.Workspace.Modules.ShippingServices\RamQuest.Workspace.Modules.ShippingServices.csproj", "{AB8B448C-DD74-4D60-A041-3E5D03A32180}"
EndProject
Project("{2150E333-8FDC-42A3-9474-1A3956D46DE8}") = "Workspace", "Workspace", "{3796FBF1-15CF-4EB6-9214-8E06F451C6F9}"
EndProject
Project("{2150E333-8FDC-42A3-9474-1A3956D46DE8}") = "Modules", "Modules", "{17AF7FE3-5286-47DD-9492-6C91D6301A10}"
EndProject
Global
	GlobalSection(SolutionConfigurationPlatforms) = preSolution
		Debug|Any CPU = Debug|Any CPU
		Release|Any CPU = Release|Any CPU
	EndGlobalSection
	GlobalSection(ProjectConfigurationPlatforms) = postSolution
		{B578913F-95BD-4640-BC24-2A5BAA92B0F9}.Debug|Any CPU.ActiveCfg = Debug|Any CPU
		{B578913F-95BD-4640-BC24-2A5BAA92B0F9}.Debug|Any CPU.Build.0 = Debug|Any CPU
		{B578913F-95BD-4640-BC24-2A5BAA92B0F9}.Release|Any CPU.ActiveCfg = Release|Any CPU
		{B578913F-95BD-4640-BC24-2A5BAA92B0F9}.Release|Any CPU.Build.0 = Release|Any CPU
		{99C9E82C-C594-446D-AA59-8FFBC43AD226}.Debug|Any CPU.ActiveCfg = Debug|Any CPU
		{99C9E82C-C594-446D-AA59-8FFBC43AD226}.Debug|Any CPU.Build.0 = Debug|Any CPU
		{99C9E82C-C594-446D-AA59-8FFBC43AD226}.Release|Any CPU.ActiveCfg = Release|Any CPU
		{99C9E82C-C594-446D-AA59-8FFBC43AD226}.Release|Any CPU.Build.0 = Release|Any CPU
		{84F6EC0D-3473-4F24-A13E-B167E0D58FD1}.Debug|Any CPU.ActiveCfg = Debug|Any CPU
		{84F6EC0D-3473-4F24-A13E-B167E0D58FD1}.Debug|Any CPU.Build.0 = Debug|Any CPU
		{84F6EC0D-3473-4F24-A13E-B167E0D58FD1}.Release|Any CPU.ActiveCfg = Release|Any CPU
		{84F6EC0D-3473-4F24-A13E-B167E0D58FD1}.Release|Any CPU.Build.0 = Release|Any CPU
		{AB8B448C-DD74-4D60-A041-3E5D03A32180}.Debug|Any CPU.ActiveCfg = Debug|Any CPU
		{AB8B448C-DD74-4D60-A041-3E5D03A32180}.Debug|Any CPU.Build.0 = Debug|Any CPU
		{AB8B448C-DD74-4D60-A041-3E5D03A32180}.Release|Any CPU.ActiveCfg = Release|Any CPU
		{AB8B448C-DD74-4D60-A041-3E5D03A32180}.Release|Any CPU.Build.0 = Release|Any CPU
	EndGlobalSection
	GlobalSection(SolutionProperties) = preSolution
		HideSolutionNode = FALSE
	EndGlobalSection
	GlobalSection(NestedProjects) = preSolution
		{99C9E82C-C594-446D-AA59-8FFBC43AD226} = {3796FBF1-15CF-4EB6-9214-8E06F451C6F9}
		{84F6EC0D-3473-4F24-A13E-B167E0D58FD1} = {3796FBF1-15CF-4EB6-9214-8E06F451C6F9}
		{AB8B448C-DD74-4D60-A041-3E5D03A32180} = {17AF7FE3-5286-47DD-9492-6C91D6301A10}
	EndGlobalSection
EndGlobal
